
Microsoft Visual Studio Solution File, Format Version 12.00
# Visual Studio Version 16
VisualStudioVersion = 16.0.29728.190
MinimumVisualStudioVersion = 10.0.40219.1
Project("{FAE04EC0-301F-11D3-BF4B-00C04F79EFBC}") = "Laba4", "lab4\Laba4.csproj", "{2DE3B117-1BAD-4A37-ACE7-4554410E2F1C}"
EndProject
Global
	GlobalSection(SolutionConfigurationPlatforms) = preSolution
		Debug|Any CPU = Debug|Any CPU
		Release|Any CPU = Release|Any CPU
	EndGlobalSection
	GlobalSection(ProjectConfigurationPlatforms) = postSolution
		{2DE3B117-1BAD-4A37-ACE7-4554410E2F1C}.Debug|Any CPU.ActiveCfg = Debug|Any CPU
		{2DE3B117-1BAD-4A37-ACE7-4554410E2F1C}.Debug|Any CPU.Build.0 = Debug|Any CPU
		{2DE3B117-1BAD-4A37-ACE7-4554410E2F1C}.Release|Any CPU.ActiveCfg = Release|Any CPU
		{2DE3B117-1BAD-4A37-ACE7-4554410E2F1C}.Release|Any CPU.Build.0 = Release|Any CPU
	EndGlobalSection
	GlobalSection(SolutionProperties) = preSolution
		HideSolutionNode = FALSE
	EndGlobalSection
	GlobalSection(ExtensibilityGlobals) = postSolution
		SolutionGuid = {1C5AA0ED-993F-40E0-9C86-7CD6C30F56EA}
	EndGlobalSection
EndGlobal
